
Microsoft Visual Studio Solution File, Format Version 12.00
# Visual Studio Version 16
VisualStudioVersion = 16.0.33214.272
MinimumVisualStudioVersion = 10.0.40219.1
Project("{9A19103F-16F7-4668-BE54-9A1E7A4F7556}") = "SeaCucumber", "SeaCucumber\SeaCucumber.csproj", "{66A708C8-DC81-456C-90EA-99BDF453BEAC}"
EndProject
Project("{FAE04EC0-301F-11D3-BF4B-00C04F79EFBC}") = "Cucumber.Tests", "SeaCucumber.Tests\Cucumber.Tests.csproj", "{5443C0C9-00C8-48B6-8A28-E0FDD6A1CB39}"
EndProject
Global
	GlobalSection(SolutionConfigurationPlatforms) = preSolution
		Debug|Any CPU = Debug|Any CPU
		Release|Any CPU = Release|Any CPU
	EndGlobalSection
	GlobalSection(ProjectConfigurationPlatforms) = postSolution
		{66A708C8-DC81-456C-90EA-99BDF453BEAC}.Debug|Any CPU.ActiveCfg = Debug|Any CPU
		{66A708C8-DC81-456C-90EA-99BDF453BEAC}.Debug|Any CPU.Build.0 = Debug|Any CPU
		{66A708C8-DC81-456C-90EA-99BDF453BEAC}.Release|Any CPU.ActiveCfg = Release|Any CPU
		{66A708C8-DC81-456C-90EA-99BDF453BEAC}.Release|Any CPU.Build.0 = Release|Any CPU
		{5443C0C9-00C8-48B6-8A28-E0FDD6A1CB39}.Debug|Any CPU.ActiveCfg = Debug|Any CPU
		{5443C0C9-00C8-48B6-8A28-E0FDD6A1CB39}.Debug|Any CPU.Build.0 = Debug|Any CPU
		{5443C0C9-00C8-48B6-8A28-E0FDD6A1CB39}.Release|Any CPU.ActiveCfg = Release|Any CPU
		{5443C0C9-00C8-48B6-8A28-E0FDD6A1CB39}.Release|Any CPU.Build.0 = Release|Any CPU
	EndGlobalSection
	GlobalSection(SolutionProperties) = preSolution
		HideSolutionNode = FALSE
	EndGlobalSection
	GlobalSection(ExtensibilityGlobals) = postSolution
		SolutionGuid = {C6CED105-03EB-495F-8F23-75F65406B0B5}
	EndGlobalSection
EndGlobal
